PackratFormat: 1.4
PackratVersion: 0.4.8.1
RVersion: 3.4.0
Repos: BioCsoft=https://bioconductor.org/packages/3.5/bioc,
    BioCann=https://bioconductor.org/packages/3.5/data/annotation,
    BioCexp=https://bioconductor.org/packages/3.5/data/experiment,
    BioCextra=https://bioconductor.org/packages/3.5/extra,
    CRAN=https://cran.rstudio.com/,
    CRANextra=https://www.stats.ox.ac.uk/pub/RWin

Package: RColorBrewer
Source: CRAN
Version: 1.1-2
Hash: c0d56cd15034f395874c870141870c25

Package: chron
Source: CRAN
Version: 2.3-50
Hash: 86ef5f32dd2ef3c4076e52e7c89740b3

Package: ncdf4
Source: CRAN
Version: 1.16
Hash: 68486da5802565ac2e2ed038caf2b858

Package: packrat
Source: CRAN
Version: 0.4.8-1
Hash: 6ad605ba7b4b476d84be6632393f5765
